
Microsoft Visual Studio Solution File, Format Version 12.00
# Visual Studio Version 17
VisualStudioVersion = 17.1.32210.238
MinimumVisualStudioVersion = 10.0.40219.1
Project("{FAE04EC0-301F-11D3-BF4B-00C04F79EFBC}") = "POO_Practica", "POO_Practica\POO_Practica.csproj", "{0CD66897-7E14-4777-8C20-8DB4DC9ED3D4}"
EndProject
Global
	GlobalSection(SolutionConfigurationPlatforms) = preSolution
		Debug|Any CPU = Debug|Any CPU
		Release|Any CPU = Release|Any CPU
	EndGlobalSection
	GlobalSection(ProjectConfigurationPlatforms) = postSolution
		{0CD66897-7E14-4777-8C20-8DB4DC9ED3D4}.Debug|Any CPU.ActiveCfg = Debug|Any CPU
		{0CD66897-7E14-4777-8C20-8DB4DC9ED3D4}.Debug|Any CPU.Build.0 = Debug|Any CPU
		{0CD66897-7E14-4777-8C20-8DB4DC9ED3D4}.Release|Any CPU.ActiveCfg = Release|Any CPU
		{0CD66897-7E14-4777-8C20-8DB4DC9ED3D4}.Release|Any CPU.Build.0 = Release|Any CPU
	EndGlobalSection
	GlobalSection(SolutionProperties) = preSolution
		HideSolutionNode = FALSE
	EndGlobalSection
	GlobalSection(ExtensibilityGlobals) = postSolution
		SolutionGuid = {8FA4DA15-C0DB-4892-A2FB-C82DF94CDE15}
	EndGlobalSection
EndGlobal
